
Microsoft Visual Studio Solution File, Format Version 12.00
# Visual Studio 2013
VisualStudioVersion = 12.0.31101.0
MinimumVisualStudioVersion = 10.0.40219.1
Project("{2150E333-8FDC-42A3-9474-1A3956D46DE8}") = "UI", "UI", "{7E03B0D4-4213-45C7-A23E-583D8D00EAF4}"
EndProject
Project("{2150E333-8FDC-42A3-9474-1A3956D46DE8}") = "Service", "Service", "{A9D90A91-F246-40B4-A12C-4DC3D3E3B072}"
EndProject
Project("{2150E333-8FDC-42A3-9474-1A3956D46DE8}") = "Core", "Core", "{96E2331D-6F6A-40C4-A71B-A6C11B64FBBF}"
EndProject
Project("{2150E333-8FDC-42A3-9474-1A3956D46DE8}") = "Client", "Client", "{935762E3-A9AB-4AD4-9B4E-ED8FD1F1F5D6}"
EndProject
Project("{2150E333-8FDC-42A3-9474-1A3956D46DE8}") = "Test", "Test", "{C1EE7328-0BB8-428F-BDFA-E80BD2169EB7}"
EndProject
Project("{FAE04EC0-301F-11D3-BF4B-00C04F79EFBC}") = "Zeta.WisdCar.Business", "Core\Zeta.WisdCar.Business\Zeta.WisdCar.Business.csproj", "{94636096-0F5F-4FD7-8283-0DB24B635326}"
EndProject
Project("{FAE04EC0-301F-11D3-BF4B-00C04F79EFBC}") = "Zeta.WisdCar.Repository", "Core\Zeta.WisdCar.Repository\Zeta.WisdCar.Repository.csproj", "{3F702DE4-0387-41F3-8813-342D9B781F98}"
EndProject
Project("{FAE04EC0-301F-11D3-BF4B-00C04F79EFBC}") = "Zeta.WisdCar.Model", "Core\Zeta.WisdCar.Model\Zeta.WisdCar.Model.csproj", "{6238F7E9-2213-4EB7-8821-AC4D95CEC09E}"
EndProject
Project("{FAE04EC0-301F-11D3-BF4B-00C04F79EFBC}") = "Zeta.WisdCar.Infrastructure", "Core\Zeta.WisdCar.Infrastructure\Zeta.WisdCar.Infrastructure.csproj", "{AB1E8AE2-F294-4376-B878-E4C6A9802007}"
EndProject
Project("{FAE04EC0-301F-11D3-BF4B-00C04F79EFBC}") = "Zeta.WisdCar.Business.Test", "Test\Zeta.WisdCar.Business.Test\Zeta.WisdCar.Business.Test.csproj", "{7D4AF159-CFA3-4B4E-823C-B5BDDB729F2E}"
EndProject
Project("{FAE04EC0-301F-11D3-BF4B-00C04F79EFBC}") = "Zeta.WisdCar.Infrastructure.Test", "Test\Zeta.WisdCar.Infrastructure.Test\Zeta.WisdCar.Infrastructure.Test.csproj", "{57374BD7-B9C8-4648-AE7B-36017DEAA863}"
EndProject
Project("{FAE04EC0-301F-11D3-BF4B-00C04F79EFBC}") = "Zeta.WisdCar.Model.Test", "Test\Zeta.WisdCar.Model.Test\Zeta.WisdCar.Model.Test.csproj", "{9D3354A3-951F-4DE8-9250-E77044BFBC42}"
EndProject
Project("{FAE04EC0-301F-11D3-BF4B-00C04F79EFBC}") = "Zeta.WisdCar.Repository.Test", "Test\Zeta.WisdCar.Repository.Test\Zeta.WisdCar.Repository.Test.csproj", "{D5424A1C-D5C0-49FD-AEA5-C526FE6B9461}"
EndProject
Project("{FAE04EC0-301F-11D3-BF4B-00C04F79EFBC}") = "Zeta.WisdCar.Online", "UI\Zeta.WisdCar.Online\Zeta.WisdCar.Online.csproj", "{905ABA72-D723-4DD5-BE14-29CF7F32E83F}"
EndProject
Project("{FAE04EC0-301F-11D3-BF4B-00C04F79EFBC}") = "Zeta.WisdCar.H5", "UI\Zeta.WisdCar.H5\Zeta.WisdCar.H5.csproj", "{ECB93119-F12F-4043-B3F6-E5EFA6B56D79}"
EndProject
Project("{FAE04EC0-301F-11D3-BF4B-00C04F79EFBC}") = "Zeta.WisdCar.MobileService", "Service\Zeta.WisdCar.MobileService\Zeta.WisdCar.MobileService.csproj", "{3A0D881C-9D2F-4F65-A48A-51DD30C63D92}"
EndProject
Project("{FAE04EC0-301F-11D3-BF4B-00C04F79EFBC}") = "Zeta.WisdCar.MobileService.Client", "Client\Zeta.WisdCar.MobileService.Client\Zeta.WisdCar.MobileService.Client.csproj", "{653B5843-9196-4B01-9112-81360270CFDA}"
EndProject
Global
	GlobalSection(SolutionConfigurationPlatforms) = preSolution
		Debug|Any CPU = Debug|Any CPU
		Release|Any CPU = Release|Any CPU
	EndGlobalSection
	GlobalSection(ProjectConfigurationPlatforms) = postSolution
		{94636096-0F5F-4FD7-8283-0DB24B635326}.Debug|Any CPU.ActiveCfg = Debug|Any CPU
		{94636096-0F5F-4FD7-8283-0DB24B635326}.Debug|Any CPU.Build.0 = Debug|Any CPU
		{94636096-0F5F-4FD7-8283-0DB24B635326}.Release|Any CPU.ActiveCfg = Release|Any CPU
		{94636096-0F5F-4FD7-8283-0DB24B635326}.Release|Any CPU.Build.0 = Release|Any CPU
		{3F702DE4-0387-41F3-8813-342D9B781F98}.Debug|Any CPU.ActiveCfg = Debug|Any CPU
		{3F702DE4-0387-41F3-8813-342D9B781F98}.Debug|Any CPU.Build.0 = Debug|Any CPU
		{3F702DE4-0387-41F3-8813-342D9B781F98}.Release|Any CPU.ActiveCfg = Release|Any CPU
		{3F702DE4-0387-41F3-8813-342D9B781F98}.Release|Any CPU.Build.0 = Release|Any CPU
		{6238F7E9-2213-4EB7-8821-AC4D95CEC09E}.Debug|Any CPU.ActiveCfg = Debug|Any CPU
		{6238F7E9-2213-4EB7-8821-AC4D95CEC09E}.Debug|Any CPU.Build.0 = Debug|Any CPU
		{6238F7E9-2213-4EB7-8821-AC4D95CEC09E}.Release|Any CPU.ActiveCfg = Release|Any CPU
		{6238F7E9-2213-4EB7-8821-AC4D95CEC09E}.Release|Any CPU.Build.0 = Release|Any CPU
		{AB1E8AE2-F294-4376-B878-E4C6A9802007}.Debug|Any CPU.ActiveCfg = Debug|Any CPU
		{AB1E8AE2-F294-4376-B878-E4C6A9802007}.Debug|Any CPU.Build.0 = Debug|Any CPU
		{AB1E8AE2-F294-4376-B878-E4C6A9802007}.Release|Any CPU.ActiveCfg = Release|Any CPU
		{AB1E8AE2-F294-4376-B878-E4C6A9802007}.Release|Any CPU.Build.0 = Release|Any CPU
		{7D4AF159-CFA3-4B4E-823C-B5BDDB729F2E}.Debug|Any CPU.ActiveCfg = Debug|Any CPU
		{7D4AF159-CFA3-4B4E-823C-B5BDDB729F2E}.Debug|Any CPU.Build.0 = Debug|Any CPU
		{7D4AF159-CFA3-4B4E-823C-B5BDDB729F2E}.Release|Any CPU.ActiveCfg = Release|Any CPU
		{7D4AF159-CFA3-4B4E-823C-B5BDDB729F2E}.Release|Any CPU.Build.0 = Release|Any CPU
		{57374BD7-B9C8-4648-AE7B-36017DEAA863}.Debug|Any CPU.ActiveCfg = Debug|Any CPU
		{57374BD7-B9C8-4648-AE7B-36017DEAA863}.Debug|Any CPU.Build.0 = Debug|Any CPU
		{57374BD7-B9C8-4648-AE7B-36017DEAA863}.Release|Any CPU.ActiveCfg = Release|Any CPU
		{57374BD7-B9C8-4648-AE7B-36017DEAA863}.Release|Any CPU.Build.0 = Release|Any CPU
		{9D3354A3-951F-4DE8-9250-E77044BFBC42}.Debug|Any CPU.ActiveCfg = Debug|Any CPU
		{9D3354A3-951F-4DE8-9250-E77044BFBC42}.Debug|Any CPU.Build.0 = Debug|Any CPU
		{9D3354A3-951F-4DE8-9250-E77044BFBC42}.Release|Any CPU.ActiveCfg = Release|Any CPU
		{9D3354A3-951F-4DE8-9250-E77044BFBC42}.Release|Any CPU.Build.0 = Release|Any CPU
		{D5424A1C-D5C0-49FD-AEA5-C526FE6B9461}.Debug|Any CPU.ActiveCfg = Debug|Any CPU
		{D5424A1C-D5C0-49FD-AEA5-C526FE6B9461}.Debug|Any CPU.Build.0 = Debug|Any CPU
		{D5424A1C-D5C0-49FD-AEA5-C526FE6B9461}.Release|Any CPU.ActiveCfg = Release|Any CPU
		{D5424A1C-D5C0-49FD-AEA5-C526FE6B9461}.Release|Any CPU.Build.0 = Release|Any CPU
		{905ABA72-D723-4DD5-BE14-29CF7F32E83F}.Debug|Any CPU.ActiveCfg = Debug|Any CPU
		{905ABA72-D723-4DD5-BE14-29CF7F32E83F}.Debug|Any CPU.Build.0 = Debug|Any CPU
		{905ABA72-D723-4DD5-BE14-29CF7F32E83F}.Release|Any CPU.ActiveCfg = Release|Any CPU
		{905ABA72-D723-4DD5-BE14-29CF7F32E83F}.Release|Any CPU.Build.0 = Release|Any CPU
		{ECB93119-F12F-4043-B3F6-E5EFA6B56D79}.Debug|Any CPU.ActiveCfg = Debug|Any CPU
		{ECB93119-F12F-4043-B3F6-E5EFA6B56D79}.Debug|Any CPU.Build.0 = Debug|Any CPU
		{ECB93119-F12F-4043-B3F6-E5EFA6B56D79}.Release|Any CPU.ActiveCfg = Release|Any CPU
		{ECB93119-F12F-4043-B3F6-E5EFA6B56D79}.Release|Any CPU.Build.0 = Release|Any CPU
		{3A0D881C-9D2F-4F65-A48A-51DD30C63D92}.Debug|Any CPU.ActiveCfg = Debug|Any CPU
		{3A0D881C-9D2F-4F65-A48A-51DD30C63D92}.Debug|Any CPU.Build.0 = Debug|Any CPU
		{3A0D881C-9D2F-4F65-A48A-51DD30C63D92}.Release|Any CPU.ActiveCfg = Release|Any CPU
		{3A0D881C-9D2F-4F65-A48A-51DD30C63D92}.Release|Any CPU.Build.0 = Release|Any CPU
		{653B5843-9196-4B01-9112-81360270CFDA}.Debug|Any CPU.ActiveCfg = Debug|Any CPU
		{653B5843-9196-4B01-9112-81360270CFDA}.Debug|Any CPU.Build.0 = Debug|Any CPU
		{653B5843-9196-4B01-9112-81360270CFDA}.Release|Any CPU.ActiveCfg = Release|Any CPU
		{653B5843-9196-4B01-9112-81360270CFDA}.Release|Any CPU.Build.0 = Release|Any CPU
	EndGlobalSection
	GlobalSection(SolutionProperties) = preSolution
		HideSolutionNode = FALSE
	EndGlobalSection
	GlobalSection(NestedProjects) = preSolution
		{94636096-0F5F-4FD7-8283-0DB24B635326} = {96E2331D-6F6A-40C4-A71B-A6C11B64FBBF}
		{3F702DE4-0387-41F3-8813-342D9B781F98} = {96E2331D-6F6A-40C4-A71B-A6C11B64FBBF}
		{6238F7E9-2213-4EB7-8821-AC4D95CEC09E} = {96E2331D-6F6A-40C4-A71B-A6C11B64FBBF}
		{AB1E8AE2-F294-4376-B878-E4C6A9802007} = {96E2331D-6F6A-40C4-A71B-A6C11B64FBBF}
		{7D4AF159-CFA3-4B4E-823C-B5BDDB729F2E} = {C1EE7328-0BB8-428F-BDFA-E80BD2169EB7}
		{57374BD7-B9C8-4648-AE7B-36017DEAA863} = {C1EE7328-0BB8-428F-BDFA-E80BD2169EB7}
		{9D3354A3-951F-4DE8-9250-E77044BFBC42} = {C1EE7328-0BB8-428F-BDFA-E80BD2169EB7}
		{D5424A1C-D5C0-49FD-AEA5-C526FE6B9461} = {C1EE7328-0BB8-428F-BDFA-E80BD2169EB7}
		{905ABA72-D723-4DD5-BE14-29CF7F32E83F} = {7E03B0D4-4213-45C7-A23E-583D8D00EAF4}
		{ECB93119-F12F-4043-B3F6-E5EFA6B56D79} = {7E03B0D4-4213-45C7-A23E-583D8D00EAF4}
		{3A0D881C-9D2F-4F65-A48A-51DD30C63D92} = {A9D90A91-F246-40B4-A12C-4DC3D3E3B072}
		{653B5843-9196-4B01-9112-81360270CFDA} = {935762E3-A9AB-4AD4-9B4E-ED8FD1F1F5D6}
	EndGlobalSection
EndGlobal
